
Microsoft Visual Studio Solution File, Format Version 12.00
# Visual Studio Version 16
VisualStudioVersion = 16.0.33130.400
MinimumVisualStudioVersion = 10.0.40219.1
Project("{FAE04EC0-301F-11D3-BF4B-00C04F79EFBC}") = "App2", "App2\App2.csproj", "{74FBE02F-2C46-4FBD-BED3-F285C07E0E32}"
EndProject
Global
	GlobalSection(SolutionConfigurationPlatforms) = preSolution
		Debug|Any CPU = Debug|Any CPU
		Release|Any CPU = Release|Any CPU
	EndGlobalSection
	GlobalSection(ProjectConfigurationPlatforms) = postSolution
		{74FBE02F-2C46-4FBD-BED3-F285C07E0E32}.Debug|Any CPU.ActiveCfg = Debug|Any CPU
		{74FBE02F-2C46-4FBD-BED3-F285C07E0E32}.Debug|Any CPU.Build.0 = Debug|Any CPU
		{74FBE02F-2C46-4FBD-BED3-F285C07E0E32}.Release|Any CPU.ActiveCfg = Release|Any CPU
		{74FBE02F-2C46-4FBD-BED3-F285C07E0E32}.Release|Any CPU.Build.0 = Release|Any CPU
	EndGlobalSection
	GlobalSection(SolutionProperties) = preSolution
		HideSolutionNode = FALSE
	EndGlobalSection
	GlobalSection(ExtensibilityGlobals) = postSolution
		SolutionGuid = {C335A1DF-237F-4955-8185-76FA75318F17}
	EndGlobalSection
EndGlobal
